
Microsoft Visual Studio Solution File, Format Version 12.00
# Visual Studio Version 17
VisualStudioVersion = 17.8.34322.80
MinimumVisualStudioVersion = 10.0.40219.1
Project("{FAE04EC0-301F-11D3-BF4B-00C04F79EFBC}") = "HomeworkComb", "HomeworkComb\HomeworkComb.csproj", "{4924D151-87AD-4813-A22A-FAC8D979D0F1}"
EndProject
Global
	GlobalSection(SolutionConfigurationPlatforms) = preSolution
		Debug|Any CPU = Debug|Any CPU
		Release|Any CPU = Release|Any CPU
	EndGlobalSection
	GlobalSection(ProjectConfigurationPlatforms) = postSolution
		{4924D151-87AD-4813-A22A-FAC8D979D0F1}.Debug|Any CPU.ActiveCfg = Debug|Any CPU
		{4924D151-87AD-4813-A22A-FAC8D979D0F1}.Debug|Any CPU.Build.0 = Debug|Any CPU
		{4924D151-87AD-4813-A22A-FAC8D979D0F1}.Release|Any CPU.ActiveCfg = Release|Any CPU
		{4924D151-87AD-4813-A22A-FAC8D979D0F1}.Release|Any CPU.Build.0 = Release|Any CPU
	EndGlobalSection
	GlobalSection(SolutionProperties) = preSolution
		HideSolutionNode = FALSE
	EndGlobalSection
	GlobalSection(ExtensibilityGlobals) = postSolution
		SolutionGuid = {414D72FA-284C-43D7-926A-169B27B326F9}
	EndGlobalSection
EndGlobal
